// !$*UTF8*$!
{
	archiveVersion = 1;
	classes = {
	};
	objectVersion = 46;
	objects = {

/* Begin PBXBuildFile section */
		30B3D4042E890E35B253D391 /* Pods_FirebaseEmailLoginDemo.framework in Frameworks */ = {isa = PBXBuildFile; fileRef = 49B88A0D7FDB839BF8F94A36 /* Pods_FirebaseEmailLoginDemo.framework */; };
		815851971E7B48B900A98EB2 /* MainViewController.swift in Sources */ = {isa = PBXBuildFile; fileRef = 815851961E7B48B900A98EB2 /* MainViewController.swift */; };
		8158519A1E7B491300A98EB2 /* Raven.png in Resources */ = {isa = PBXBuildFile; fileRef = 815851991E7B491300A98EB2 /* Raven.png */; };
		8158519E1E7B741900A98EB2 /* backgroundImage.png in Resources */ = {isa = PBXBuildFile; fileRef = 8158519D1E7B741900A98EB2 /* backgroundImage.png */; };
		815851A01E7B746600A98EB2 /* PasswordResetViewController.swift in Sources */ = {isa = PBXBuildFile; fileRef = 8158519F1E7B746600A98EB2 /* PasswordResetViewController.swift */; };
		81F9119B1E7A108D0024CB4D /* AppDelegate.swift in Sources */ = {isa = PBXBuildFile; fileRef = 81F9119A1E7A108D0024CB4D /* AppDelegate.swift */; };
		81F9119D1E7A108D0024CB4D /* LoginViewController.swift in Sources */ = {isa = PBXBuildFile; fileRef = 81F9119C1E7A108D0024CB4D /* LoginViewController.swift */; };
		81F911A01E7A108D0024CB4D /* Main.storyboard in Resources */ = {isa = PBXBuildFile; fileRef = 81F9119E1E7A108D0024CB4D /* Main.storyboard */; };
		81F911A21E7A108D0024CB4D /* Assets.xcassets in Resources */ = {isa = PBXBuildFile; fileRef = 81F911A11E7A108D0024CB4D /* Assets.xcassets */; };
		81F911A51E7A108D0024CB4D /* LaunchScreen.storyboard in Resources */ = {isa = PBXBuildFile; fileRef = 81F911A31E7A108D0024CB4D /* LaunchScreen.storyboard */; };
		81F911B01E7A108D0024CB4D /* FirebaseEmailLoginDemoTests.swift in Sources */ = {isa = PBXBuildFile; fileRef = 81F911AF1E7A108D0024CB4D /* FirebaseEmailLoginDemoTests.swift */; };
		81F911BB1E7A108D0024CB4D /* FirebaseEmailLoginDemoUITests.swift in Sources */ = {isa = PBXBuildFile; fileRef = 81F911BA1E7A108D0024CB4D /* FirebaseEmailLoginDemoUITests.swift */; };
		81F911C91E7A11B00024CB4D /* GoogleService-Info.plist in Resources */ = {isa = PBXBuildFile; fileRef = 81F911C81E7A11B00024CB4D /* GoogleService-Info.plist */; };
		81F911D01E7B37410024CB4D /* AdSupport.framework in Frameworks */ = {isa = PBXBuildFile; fileRef = 81F911CF1E7B37410024CB4D /* AdSupport.framework */; };
		959CFF81CC5942BED919A6B4 /* Pods_FirebaseEmailLoginDemoUITests.framework in Frameworks */ = {isa = PBXBuildFile; fileRef = 29D2CF635DAD0CCB07E67985 /* Pods_FirebaseEmailLoginDemoUITests.framework */; };
		BB521911E90470EB55DB5EB8 /* Pods_FirebaseEmailLoginDemoTests.framework in Frameworks */ = {isa = PBXBuildFile; fileRef = C918E1862999BF49B34ED9B4 /* Pods_FirebaseEmailLoginDemoTests.framework */; };
/* End PBXBuildFile section */

/* Begin PBXContainerItemProxy section */
		81F911AC1E7A108D0024CB4D /* PBXContainerItemProxy */ = {
			isa = PBXContainerItemProxy;
			containerPortal = 81F9118F1E7A108D0024CB4D /* Project object */;
			proxyType = 1;
			remoteGlobalIDString = 81F911961E7A108D0024CB4D;
			remoteInfo = FirebaseEmailLoginDemo;
		};
		81F911B71E7A108D0024CB4D /* PBXContainerItemProxy */ = {
			isa = PBXContainerItemProxy;
			containerPortal = 81F9118F1E7A108D0024CB4D /* Project object */;
			proxyType = 1;
			remoteGlobalIDString = 81F911961E7A108D0024CB4D;
			remoteInfo = FirebaseEmailLoginDemo;
		};
/* End PBXContainerItemProxy section */

/* Begin PBXFileReference section */
		29D2CF635DAD0CCB07E67985 /* Pods_FirebaseEmailLoginDemoUITests.framework */ = {isa = PBXFileReference; explicitFileType = wrapper.framework; includeInIndex = 0; path = Pods_FirebaseEmailLoginDemoUITests.framework; sourceTree = BUILT_PRODUCTS_DIR; };
		3D24027B1F30C94B3CB91E76 /* Pods-FirebaseEmailLoginDemo.release.xcconfig */ = {isa = PBXFileReference; includeInIndex = 1; lastKnownFileType = text.xcconfig; name = "Pods-FirebaseEmailLoginDemo.release.xcconfig"; path = "Pods/Target Support Files/Pods-FirebaseEmailLoginDemo/Pods-FirebaseEmailLoginDemo.release.xcconfig"; sourceTree = "<group>"; };
		46265AC629E88E780ACACB31 /* Pods-FirebaseEmailLoginDemoUITests.debug.xcconfig */ = {isa = PBXFileReference; includeInIndex = 1; lastKnownFileType = text.xcconfig; name = "Pods-FirebaseEmailLoginDemoUITests.debug.xcconfig"; path = "Pods/Target Support Files/Pods-FirebaseEmailLoginDemoUITests/Pods-FirebaseEmailLoginDemoUITests.debug.xcconfig"; sourceTree = "<group>"; };
		49B88A0D7FDB839BF8F94A36 /* Pods_FirebaseEmailLoginDemo.framework */ = {isa = PBXFileReference; explicitFileType = wrapper.framework; includeInIndex = 0; path = Pods_FirebaseEmailLoginDemo.framework; sourceTree = BUILT_PRODUCTS_DIR; };
		58E1B2BA0B44B57AD60B42D6 /* Pods-FirebaseEmailLoginDemoTests.release.xcconfig */ = {isa = PBXFileReference; includeInIndex = 1; lastKnownFileType = text.xcconfig; name = "Pods-FirebaseEmailLoginDemoTests.release.xcconfig"; path = "Pods/Target Support Files/Pods-FirebaseEmailLoginDemoTests/Pods-FirebaseEmailLoginDemoTests.release.xcconfig"; sourceTree = "<group>"; };
		60DC1837D0971D3769DFFB7C /* Pods-FirebaseEmailLoginDemoTests.debug.xcconfig */ = {isa = PBXFileReference; includeInIndex = 1; lastKnownFileType = text.xcconfig; name = "Pods-FirebaseEmailLoginDemoTests.debug.xcconfig"; path = "Pods/Target Support Files/Pods-FirebaseEmailLoginDemoTests/Pods-FirebaseEmailLoginDemoTests.debug.xcconfig"; sourceTree = "<group>"; };
		815851961E7B48B900A98EB2 /* MainViewController.swift */ = {isa = PBXFileReference; fileEncoding = 4; lastKnownFileType = sourcecode.swift; path = MainViewController.swift; sourceTree = "<group>"; };
		815851991E7B491300A98EB2 /* Raven.png */ = {isa = PBXFileReference; lastKnownFileType = image.png; path = Raven.png; sourceTree = "<group>"; };
		8158519D1E7B741900A98EB2 /* backgroundImage.png */ = {isa = PBXFileReference; lastKnownFileType = image.png; path = backgroundImage.png; sourceTree = "<group>"; };
		8158519F1E7B746600A98EB2 /* PasswordResetViewController.swift */ = {isa = PBXFileReference; fileEncoding = 4; lastKnownFileType = sourcecode.swift; path = PasswordResetViewController.swift; sourceTree = "<group>"; };
		81F911971E7A108D0024CB4D /* FirebaseEmailLoginDemo.app */ = {isa = PBXFileReference; explicitFileType = wrapper.application; includeInIndex = 0; path = FirebaseEmailLoginDemo.app; sourceTree = BUILT_PRODUCTS_DIR; };
		81F9119A1E7A108D0024CB4D /* AppDelegate.swift */ = {isa = PBXFileReference; lastKnownFileType = sourcecode.swift; name = AppDelegate.swift; path = FirebaseEmailLoginDemo/AppDelegate.swift; sourceTree = "<group>"; };
		81F9119C1E7A108D0024CB4D /* LoginViewController.swift */ = {isa = PBXFileReference; lastKnownFileType = sourcecode.swift; path = LoginViewController.swift; sourceTree = "<group>"; };
		81F9119F1E7A108D0024CB4D /* Base */ = {isa = PBXFileReference; lastKnownFileType = file.storyboard; name = Base; path = Base.lproj/Main.storyboard; sourceTree = "<group>"; };
		81F911A11E7A108D0024CB4D /* Assets.xcassets */ = {isa = PBXFileReference; lastKnownFileType = folder.assetcatalog; path = Assets.xcassets; sourceTree = "<group>"; };
		81F911A41E7A108D0024CB4D /* Base */ = {isa = PBXFileReference; lastKnownFileType = file.storyboard; name = Base; path = Base.lproj/LaunchScreen.storyboard; sourceTree = "<group>"; };
		81F911A61E7A108D0024CB4D /* Info.plist */ = {isa = PBXFileReference; lastKnownFileType = text.plist.xml; path = Info.plist; sourceTree = "<group>"; };
		81F911AB1E7A108D0024CB4D /* FirebaseEmailLoginDemoTests.xctest */ = {isa = PBXFileReference; explicitFileType = wrapper.cfbundle; includeInIndex = 0; path = FirebaseEmailLoginDemoTests.xctest; sourceTree = BUILT_PRODUCTS_DIR; };
		81F911AF1E7A108D0024CB4D /* FirebaseEmailLoginDemoTests.swift */ = {isa = PBXFileReference; lastKnownFileType = sourcecode.swift; path = FirebaseEmailLoginDemoTests.swift; sourceTree = "<group>"; };
		81F911B11E7A108D0024CB4D /* Info.plist */ = {isa = PBXFileReference; lastKnownFileType = text.plist.xml; path = Info.plist; sourceTree = "<group>"; };
		81F911B61E7A108D0024CB4D /* FirebaseEmailLoginDemoUITests.xctest */ = {isa = PBXFileReference; explicitFileType = wrapper.cfbundle; includeInIndex = 0; path = FirebaseEmailLoginDemoUITests.xctest; sourceTree = BUILT_PRODUCTS_DIR; };
		81F911BA1E7A108D0024CB4D /* FirebaseEmailLoginDemoUITests.swift */ = {isa = PBXFileReference; lastKnownFileType = sourcecode.swift; path = FirebaseEmailLoginDemoUITests.swift; sourceTree = "<group>"; };
		81F911BC1E7A108D0024CB4D /* Info.plist */ = {isa = PBXFileReference; lastKnownFileType = text.plist.xml; path = Info.plist; sourceTree = "<group>"; };
		81F911C81E7A11B00024CB4D /* GoogleService-Info.plist */ = {isa = PBXFileReference; fileEncoding = 4; lastKnownFileType = text.plist.xml; path = "GoogleService-Info.plist"; sourceTree = "<group>"; };
		81F911CF1E7B37410024CB4D /* AdSupport.framework */ = {isa = PBXFileReference; lastKnownFileType = wrapper.framework; name = AdSupport.framework; path = System/Library/Frameworks/AdSupport.framework; sourceTree = SDKROOT; };
		8CF6814CBA8BB8641279A6C6 /* Pods-FirebaseEmailLoginDemo.debug.xcconfig */ = {isa = PBXFileReference; includeInIndex = 1; lastKnownFileType = text.xcconfig; name = "Pods-FirebaseEmailLoginDemo.debug.xcconfig"; path = "Pods/Target Support Files/Pods-FirebaseEmailLoginDemo/Pods-FirebaseEmailLoginDemo.debug.xcconfig"; sourceTree = "<group>"; };
		964F25A4FD6B97C81810D72C /* Pods-FirebaseEmailLoginDemoUITests.release.xcconfig */ = {isa = PBXFileReference; includeInIndex = 1; lastKnownFileType = text.xcconfig; name = "Pods-FirebaseEmailLoginDemoUITests.release.xcconfig"; path = "Pods/Target Support Files/Pods-FirebaseEmailLoginDemoUITests/Pods-FirebaseEmailLoginDemoUITests.release.xcconfig"; sourceTree = "<group>"; };
		C918E1862999BF49B34ED9B4 /* Pods_FirebaseEmailLoginDemoTests.framework */ = {isa = PBXFileReference; explicitFileType = wrapper.framework; includeInIndex = 0; path = Pods_FirebaseEmailLoginDemoTests.framework; sourceTree = BUILT_PRODUCTS_DIR; };
/* End PBXFileReference section */

/* Begin PBXFrameworksBuildPhase section */
		81F911941E7A108D0024CB4D /* Frameworks */ = {
			isa = PBXFrameworksBuildPhase;
			buildActionMask = 2147483647;
			files = (
				81F911D01E7B37410024CB4D /* AdSupport.framework in Frameworks */,
				30B3D4042E890E35B253D391 /* Pods_FirebaseEmailLoginDemo.framework in Frameworks */,
			);
			runOnlyForDeploymentPostprocessing = 0;
		};
		81F911A81E7A108D0024CB4D /* Frameworks */ = {
			isa = PBXFrameworksBuildPhase;
			buildActionMask = 2147483647;
			files = (
				BB521911E90470EB55DB5EB8 /* Pods_FirebaseEmailLoginDemoTests.framework in Frameworks */,
			);
			runOnlyForDeploymentPostprocessing = 0;
		};
		81F911B31E7A108D0024CB4D /* Frameworks */ = {
			isa = PBXFrameworksBuildPhase;
			buildActionMask = 2147483647;
			files = (
				959CFF81CC5942BED919A6B4 /* Pods_FirebaseEmailLoginDemoUITests.framework in Frameworks */,
			);
			runOnlyForDeploymentPostprocessing = 0;
		};
/* End PBXFrameworksBuildPhase section */

/* Begin PBXGroup section */
		81F9118E1E7A108D0024CB4D = {
			isa = PBXGroup;
			children = (
				81F9119A1E7A108D0024CB4D /* AppDelegate.swift */,
				81F911991E7A108D0024CB4D /* FirebaseEmailLoginDemo */,
				81F911AE1E7A108D0024CB4D /* FirebaseEmailLoginDemoTests */,
				81F911B91E7A108D0024CB4D /* FirebaseEmailLoginDemoUITests */,
				81F911981E7A108D0024CB4D /* Products */,
				E35489CD835552722960BD08 /* Pods */,
				99587B3CEA182BA510068AB7 /* Frameworks */,
			);
			sourceTree = "<group>";
		};
		81F911981E7A108D0024CB4D /* Products */ = {
			isa = PBXGroup;
			children = (
				81F911971E7A108D0024CB4D /* FirebaseEmailLoginDemo.app */,
				81F911AB1E7A108D0024CB4D /* FirebaseEmailLoginDemoTests.xctest */,
				81F911B61E7A108D0024CB4D /* FirebaseEmailLoginDemoUITests.xctest */,
			);
			name = Products;
			sourceTree = "<group>";
		};
		81F911991E7A108D0024CB4D /* FirebaseEmailLoginDemo */ = {
			isa = PBXGroup;
			children = (
				81F911CA1E7B33970024CB4D /* CONTROLLER */,
				81F911CB1E7B339F0024CB4D /* VIEW */,
				81F911CC1E7B33A60024CB4D /* DATA */,
				81F911CE1E7B33B60024CB4D /* SUPPORT */,
				81F911CD1E7B33AD0024CB4D /* IMAGES */,
			);
			path = FirebaseEmailLoginDemo;
			sourceTree = "<group>";
		};
		81F911AE1E7A108D0024CB4D /* FirebaseEmailLoginDemoTests */ = {
			isa = PBXGroup;
			children = (
				81F911AF1E7A108D0024CB4D /* FirebaseEmailLoginDemoTests.swift */,
				81F911B11E7A108D0024CB4D /* Info.plist */,
			);
			path = FirebaseEmailLoginDemoTests;
			sourceTree = "<group>";
		};
		81F911B91E7A108D0024CB4D /* FirebaseEmailLoginDemoUITests */ = {
			isa = PBXGroup;
			children = (
				81F911BA1E7A108D0024CB4D /* FirebaseEmailLoginDemoUITests.swift */,
				81F911BC1E7A108D0024CB4D /* Info.plist */,
			);
			path = FirebaseEmailLoginDemoUITests;
			sourceTree = "<group>";
		};
		81F911CA1E7B33970024CB4D /* CONTROLLER */ = {
			isa = PBXGroup;
			children = (
				81F9119C1E7A108D0024CB4D /* LoginViewController.swift */,
				8158519F1E7B746600A98EB2 /* PasswordResetViewController.swift */,
				815851961E7B48B900A98EB2 /* MainViewController.swift */,
			);
			name = CONTROLLER;
			sourceTree = "<group>";
		};
		81F911CB1E7B339F0024CB4D /* VIEW */ = {
			isa = PBXGroup;
			children = (
				81F9119E1E7A108D0024CB4D /* Main.storyboard */,
				81F911A31E7A108D0024CB4D /* LaunchScreen.storyboard */,
			);
			name = VIEW;
			sourceTree = "<group>";
		};
		81F911CC1E7B33A60024CB4D /* DATA */ = {
			isa = PBXGroup;
			children = (
			);
			name = DATA;
			sourceTree = "<group>";
		};
		81F911CD1E7B33AD0024CB4D /* IMAGES */ = {
			isa = PBXGroup;
			children = (
				8158519D1E7B741900A98EB2 /* backgroundImage.png */,
				815851991E7B491300A98EB2 /* Raven.png */,
				81F911A11E7A108D0024CB4D /* Assets.xcassets */,
			);
			name = IMAGES;
			sourceTree = "<group>";
		};
		81F911CE1E7B33B60024CB4D /* SUPPORT */ = {
			isa = PBXGroup;
			children = (
				81F911A61E7A108D0024CB4D /* Info.plist */,
				81F911C81E7A11B00024CB4D /* GoogleService-Info.plist */,
			);
			name = SUPPORT;
			sourceTree = "<group>";
		};
		99587B3CEA182BA510068AB7 /* Frameworks */ = {
			isa = PBXGroup;
			children = (
				81F911CF1E7B37410024CB4D /* AdSupport.framework */,
				49B88A0D7FDB839BF8F94A36 /* Pods_FirebaseEmailLoginDemo.framework */,
				C918E1862999BF49B34ED9B4 /* Pods_FirebaseEmailLoginDemoTests.framework */,
				29D2CF635DAD0CCB07E67985 /* Pods_FirebaseEmailLoginDemoUITests.framework */,
			);
			name = Frameworks;
			sourceTree = "<group>";
		};
		E35489CD835552722960BD08 /* Pods */ = {
			isa = PBXGroup;
			children = (
				8CF6814CBA8BB8641279A6C6 /* Pods-FirebaseEmailLoginDemo.debug.xcconfig */,
				3D24027B1F30C94B3CB91E76 /* Pods-FirebaseEmailLoginDemo.release.xcconfig */,
				60DC1837D0971D3769DFFB7C /* Pods-FirebaseEmailLoginDemoTests.debug.xcconfig */,
				58E1B2BA0B44B57AD60B42D6 /* Pods-FirebaseEmailLoginDemoTests.release.xcconfig */,
				46265AC629E88E780ACACB31 /* Pods-FirebaseEmailLoginDemoUITests.debug.xcconfig */,
				964F25A4FD6B97C81810D72C /* Pods-FirebaseEmailLoginDemoUITests.release.xcconfig */,
			);
			name = Pods;
			sourceTree = "<group>";
		};
/* End PBXGroup section */

/* Begin PBXNativeTarget section */
		81F911961E7A108D0024CB4D /* FirebaseEmailLoginDemo */ = {
			isa = PBXNativeTarget;
			buildConfigurationList = 81F911BF1E7A108D0024CB4D /* Build configuration list for PBXNativeTarget "FirebaseEmailLoginDemo" */;
			buildPhases = (
				A22BFF79C137CD48276662ED /* [CP] Check Pods Manifest.lock */,
				81F911931E7A108D0024CB4D /* Sources */,
				81F911941E7A108D0024CB4D /* Frameworks */,
				81F911951E7A108D0024CB4D /* Resources */,
				F8181CBA40FD71748C93AC50 /* [CP] Embed Pods Frameworks */,
				F67557C45141A56798886715 /* [CP] Copy Pods Resources */,
			);
			buildRules = (
			);
			dependencies = (
			);
			name = FirebaseEmailLoginDemo;
			productName = FirebaseEmailLoginDemo;
			productReference = 81F911971E7A108D0024CB4D /* FirebaseEmailLoginDemo.app */;
			productType = "com.apple.product-type.application";
		};
		81F911AA1E7A108D0024CB4D /* FirebaseEmailLoginDemoTests */ = {
			isa = PBXNativeTarget;
			buildConfigurationList = 81F911C21E7A108D0024CB4D /* Build configuration list for PBXNativeTarget "FirebaseEmailLoginDemoTests" */;
			buildPhases = (
				7704308880BF76BB41349675 /* [CP] Check Pods Manifest.lock */,
				81F911A71E7A108D0024CB4D /* Sources */,
				81F911A81E7A108D0024CB4D /* Frameworks */,
				81F911A91E7A108D0024CB4D /* Resources */,
				D14E5106946BC1E11B7C324F /* [CP] Embed Pods Frameworks */,
				AFE414AA8BE6E3F1B9B53D95 /* [CP] Copy Pods Resources */,
			);
			buildRules = (
			);
			dependencies = (
				81F911AD1E7A108D0024CB4D /* PBXTargetDependency */,
			);
			name = FirebaseEmailLoginDemoTests;
			productName = FirebaseEmailLoginDemoTests;
			productReference = 81F911AB1E7A108D0024CB4D /* FirebaseEmailLoginDemoTests.xctest */;
			productType = "com.apple.product-type.bundle.unit-test";
		};
		81F911B51E7A108D0024CB4D /* FirebaseEmailLoginDemoUITests */ = {
			isa = PBXNativeTarget;
			buildConfigurationList = 81F911C51E7A108D0024CB4D /* Build configuration list for PBXNativeTarget "FirebaseEmailLoginDemoUITests" */;
			buildPhases = (
				EB5BA720D80D0D9AA537DF7B /* [CP] Check Pods Manifest.lock */,
				81F911B21E7A108D0024CB4D /* Sources */,
				81F911B31E7A108D0024CB4D /* Frameworks */,
				81F911B41E7A108D0024CB4D /* Resources */,
				D03F9A41B6B9BE4A4C37FE03 /* [CP] Embed Pods Frameworks */,
				465A56DDCF838C0A4620C7B4 /* [CP] Copy Pods Resources */,
			);
			buildRules = (
			);
			dependencies = (
				81F911B81E7A108D0024CB4D /* PBXTargetDependency */,
			);
			name = FirebaseEmailLoginDemoUITests;
			productName = FirebaseEmailLoginDemoUITests;
			productReference = 81F911B61E7A108D0024CB4D /* FirebaseEmailLoginDemoUITests.xctest */;
			productType = "com.apple.product-type.bundle.ui-testing";
		};
/* End PBXNativeTarget section */

/* Begin PBXProject section */
		81F9118F1E7A108D0024CB4D /* Project object */ = {
			isa = PBXProject;
			attributes = {
				LastSwiftUpdateCheck = 0830;
				LastUpgradeCheck = 0830;
				ORGANIZATIONNAME = "Fenix Designz";
				TargetAttributes = {
					81F911961E7A108D0024CB4D = {
						CreatedOnToolsVersion = 8.3;
						DevelopmentTeam = LK662Y5U4K;
						ProvisioningStyle = Automatic;
					};
					81F911AA1E7A108D0024CB4D = {
						CreatedOnToolsVersion = 8.3;
						DevelopmentTeam = LK662Y5U4K;
						ProvisioningStyle = Automatic;
						TestTargetID = 81F911961E7A108D0024CB4D;
					};
					81F911B51E7A108D0024CB4D = {
						CreatedOnToolsVersion = 8.3;
						DevelopmentTeam = LK662Y5U4K;
						ProvisioningStyle = Automatic;
						TestTargetID = 81F911961E7A108D0024CB4D;
					};
				};
			};
			buildConfigurationList = 81F911921E7A108D0024CB4D /* Build configuration list for PBXProject "FirebaseEmailLoginDemo" */;
			compatibilityVersion = "Xcode 3.2";
			developmentRegion = English;
			hasScannedForEncodings = 0;
			knownRegions = (
				en,
				Base,
			);
			mainGroup = 81F9118E1E7A108D0024CB4D;
			productRefGroup = 81F911981E7A108D0024CB4D /* Products */;
			projectDirPath = "";
			projectRoot = "";
			targets = (
				81F911961E7A108D0024CB4D /* FirebaseEmailLoginDemo */,
				81F911AA1E7A108D0024CB4D /* FirebaseEmailLoginDemoTests */,
				81F911B51E7A108D0024CB4D /* FirebaseEmailLoginDemoUITests */,
			);
		};
/* End PBXProject section */

/* Begin PBXResourcesBuildPhase section */
		81F911951E7A108D0024CB4D /* Resources */ = {
			isa = PBXResourcesBuildPhase;
			buildActionMask = 2147483647;
			files = (
				8158519A1E7B491300A98EB2 /* Raven.png in Resources */,
				81F911A51E7A108D0024CB4D /* LaunchScreen.storyboard in Resources */,
				81F911A21E7A108D0024CB4D /* Assets.xcassets in Resources */,
				8158519E1E7B741900A98EB2 /* backgroundImage.png in Resources */,
				81F911A01E7A108D0024CB4D /* Main.storyboard in Resources */,
				81F911C91E7A11B00024CB4D /* GoogleService-Info.plist in Resources */,
			);
			runOnlyForDeploymentPostprocessing = 0;
		};
		81F911A91E7A108D0024CB4D /* Resources */ = {
			isa = PBXResourcesBuildPhase;
			buildActionMask = 2147483647;
			files = (
			);
			runOnlyForDeploymentPostprocessing = 0;
		};
		81F911B41E7A108D0024CB4D /* Resources */ = {
			isa = PBXResourcesBuildPhase;
			buildActionMask = 2147483647;
			files = (
			);
			runOnlyForDeploymentPostprocessing = 0;
		};
/* End PBXResourcesBuildPhase section */

/* Begin PBXShellScriptBuildPhase section */
		465A56DDCF838C0A4620C7B4 /* [CP] Copy Pods Resources */ = {
			isa = PBXShellScriptBuildPhase;
			buildActionMask = 2147483647;
			files = (
			);
			inputPaths = (
			);
			name = "[CP] Copy Pods Resources";
			outputPaths = (
			);
			runOnlyForDeploymentPostprocessing = 0;
			shellPath = /bin/sh;
			shellScript = "\"${SRCROOT}/Pods/Target Support Files/Pods-FirebaseEmailLoginDemoUITests/Pods-FirebaseEmailLoginDemoUITests-resources.sh\"\n";
			showEnvVarsInLog = 0;
		};
		7704308880BF76BB41349675 /* [CP] Check Pods Manifest.lock */ = {
			isa = PBXShellScriptBuildPhase;
			buildActionMask = 2147483647;
			files = (
			);
			inputPaths = (
			);
			name = "[CP] Check Pods Manifest.lock";
			outputPaths = (
			);
			runOnlyForDeploymentPostprocessing = 0;
			shellPath = /bin/sh;
			shellScript = "diff \"${PODS_ROOT}/../Podfile.lock\" \"${PODS_ROOT}/Manifest.lock\" > /dev/null\nif [ $? != 0 ] ; then\n    # print error to STDERR\n    echo \"error: The sandbox is not in sync with the Podfile.lock. Run 'pod install' or update your CocoaPods installation.\" >&2\n    exit 1\nfi\n";
			showEnvVarsInLog = 0;
		};
		A22BFF79C137CD48276662ED /* [CP] Check Pods Manifest.lock */ = {
			isa = PBXShellScriptBuildPhase;
			buildActionMask = 2147483647;
			files = (
			);
			inputPaths = (
			);
			name = "[CP] Check Pods Manifest.lock";
			outputPaths = (
			);
			runOnlyForDeploymentPostprocessing = 0;
			shellPath = /bin/sh;
			shellScript = "diff \"${PODS_ROOT}/../Podfile.lock\" \"${PODS_ROOT}/Manifest.lock\" > /dev/null\nif [ $? != 0 ] ; then\n    # print error to STDERR\n    echo \"error: The sandbox is not in sync with the Podfile.lock. Run 'pod install' or update your CocoaPods installation.\" >&2\n    exit 1\nfi\n";
			showEnvVarsInLog = 0;
		};
		AFE414AA8BE6E3F1B9B53D95 /* [CP] Copy Pods Resources */ = {
			isa = PBXShellScriptBuildPhase;
			buildActionMask = 2147483647;
			files = (
			);
			inputPaths = (
			);
			name = "[CP] Copy Pods Resources";
			outputPaths = (
			);
			runOnlyForDeploymentPostprocessing = 0;
			shellPath = /bin/sh;
			shellScript = "\"${SRCROOT}/Pods/Target Support Files/Pods-FirebaseEmailLoginDemoTests/Pods-FirebaseEmailLoginDemoTests-resources.sh\"\n";
			showEnvVarsInLog = 0;
		};
		D03F9A41B6B9BE4A4C37FE03 /* [CP] Embed Pods Frameworks */ = {
			isa = PBXShellScriptBuildPhase;
			buildActionMask = 2147483647;
			files = (
			);
			inputPaths = (
			);
			name = "[CP] Embed Pods Frameworks";
			outputPaths = (
			);
			runOnlyForDeploymentPostprocessing = 0;
			shellPath = /bin/sh;
			shellScript = "\"${SRCROOT}/Pods/Target Support Files/Pods-FirebaseEmailLoginDemoUITests/Pods-FirebaseEmailLoginDemoUITests-frameworks.sh\"\n";
			showEnvVarsInLog = 0;
		};
		D14E5106946BC1E11B7C324F /* [CP] Embed Pods Frameworks */ = {
			isa = PBXShellScriptBuildPhase;
			buildActionMask = 2147483647;
			files = (
			);
			inputPaths = (
			);
			name = "[CP] Embed Pods Frameworks";
			outputPaths = (
			);
			runOnlyForDeploymentPostprocessing = 0;
			shellPath = /bin/sh;
			shellScript = "\"${SRCROOT}/Pods/Target Support Files/Pods-FirebaseEmailLoginDemoTests/Pods-FirebaseEmailLoginDemoTests-frameworks.sh\"\n";
			showEnvVarsInLog = 0;
		};
		EB5BA720D80D0D9AA537DF7B /* [CP] Check Pods Manifest.lock */ = {
			isa = PBXShellScriptBuildPhase;
			buildActionMask = 2147483647;
			files = (
			);
			inputPaths = (
			);
			name = "[CP] Check Pods Manifest.lock";
			outputPaths = (
			);
			runOnlyForDeploymentPostprocessing = 0;
			shellPath = /bin/sh;
			shellScript = "diff \"${PODS_ROOT}/../Podfile.lock\" \"${PODS_ROOT}/Manifest.lock\" > /dev/null\nif [ $? != 0 ] ; then\n    # print error to STDERR\n    echo \"error: The sandbox is not in sync with the Podfile.lock. Run 'pod install' or update your CocoaPods installation.\" >&2\n    exit 1\nfi\n";
			showEnvVarsInLog = 0;
		};
		F67557C45141A56798886715 /* [CP] Copy Pods Resources */ = {
			isa = PBXShellScriptBuildPhase;
			buildActionMask = 2147483647;
			files = (
			);
			inputPaths = (
			);
			name = "[CP] Copy Pods Resources";
			outputPaths = (
			);
			runOnlyForDeploymentPostprocessing = 0;
			shellPath = /bin/sh;
			shellScript = "\"${SRCROOT}/Pods/Target Support Files/Pods-FirebaseEmailLoginDemo/Pods-FirebaseEmailLoginDemo-resources.sh\"\n";
			showEnvVarsInLog = 0;
		};
		F8181CBA40FD71748C93AC50 /* [CP] Embed Pods Frameworks */ = {
			isa = PBXShellScriptBuildPhase;
			buildActionMask = 2147483647;
			files = (
			);
			inputPaths = (
			);
			name = "[CP] Embed Pods Frameworks";
			outputPaths = (
			);
			runOnlyForDeploymentPostprocessing = 0;
			shellPath = /bin/sh;
			shellScript = "\"${SRCROOT}/Pods/Target Support Files/Pods-FirebaseEmailLoginDemo/Pods-FirebaseEmailLoginDemo-frameworks.sh\"\n";
			showEnvVarsInLog = 0;
		};
/* End PBXShellScriptBuildPhase section */

/* Begin PBXSourcesBuildPhase section */
		81F911931E7A108D0024CB4D /* Sources */ = {
			isa = PBXSourcesBuildPhase;
			buildActionMask = 2147483647;
			files = (
				815851971E7B48B900A98EB2 /* MainViewController.swift in Sources */,
				81F9119D1E7A108D0024CB4D /* LoginViewController.swift in Sources */,
				81F9119B1E7A108D0024CB4D /* AppDelegate.swift in Sources */,
				815851A01E7B746600A98EB2 /* PasswordResetViewController.swift in Sources */,
			);
			runOnlyForDeploymentPostprocessing = 0;
		};
		81F911A71E7A108D0024CB4D /* Sources */ = {
			isa = PBXSourcesBuildPhase;
			buildActionMask = 2147483647;
			files = (
				81F911B01E7A108D0024CB4D /* FirebaseEmailLoginDemoTests.swift in Sources */,
			);
			runOnlyForDeploymentPostprocessing = 0;
		};
		81F911B21E7A108D0024CB4D /* Sources */ = {
			isa = PBXSourcesBuildPhase;
			buildActionMask = 2147483647;
			files = (
				81F911BB1E7A108D0024CB4D /* FirebaseEmailLoginDemoUITests.swift in Sources */,
			);
			runOnlyForDeploymentPostprocessing = 0;
		};
/* End PBXSourcesBuildPhase section */

/* Begin PBXTargetDependency section */
		81F911AD1E7A108D0024CB4D /* PBXTargetDependency */ = {
			isa = PBXTargetDependency;
			target = 81F911961E7A108D0024CB4D /* FirebaseEmailLoginDemo */;
			targetProxy = 81F911AC1E7A108D0024CB4D /* PBXContainerItemProxy */;
		};
		81F911B81E7A108D0024CB4D /* PBXTargetDependency */ = {
			isa = PBXTargetDependency;
			target = 81F911961E7A108D0024CB4D /* FirebaseEmailLoginDemo */;
			targetProxy = 81F911B71E7A108D0024CB4D /* PBXContainerItemProxy */;
		};
/* End PBXTargetDependency section */

/* Begin PBXVariantGroup section */
		81F9119E1E7A108D0024CB4D /* Main.storyboard */ = {
			isa = PBXVariantGroup;
			children = (
				81F9119F1E7A108D0024CB4D /* Base */,
			);
			name = Main.storyboard;
			sourceTree = "<group>";
		};
		81F911A31E7A108D0024CB4D /* LaunchScreen.storyboard */ = {
			isa = PBXVariantGroup;
			children = (
				81F911A41E7A108D0024CB4D /* Base */,
			);
			name = LaunchScreen.storyboard;
			sourceTree = "<group>";
		};
/* End PBXVariantGroup section */

/* Begin XCBuildConfiguration section */
		81F911BD1E7A108D0024CB4D /* Debug */ = {
			isa = XCBuildConfiguration;
			buildSettings = {
				ALWAYS_SEARCH_USER_PATHS = NO;
				CLANG_ANALYZER_NONNULL = YES;
				CLANG_ANALYZER_NUMBER_OBJECT_CONVERSION = YES_AGGRESSIVE;
				CLANG_CXX_LANGUAGE_STANDARD = "gnu++0x";
				CLANG_CXX_LIBRARY = "libc++";
				CLANG_ENABLE_MODULES = YES;
				CLANG_ENABLE_OBJC_ARC = YES;
				CLANG_WARN_BOOL_CONVERSION = YES;
				CLANG_WARN_CONSTANT_CONVERSION = YES;
				CLANG_WARN_DIRECT_OBJC_ISA_USAGE = YES_ERROR;
				CLANG_WARN_DOCUMENTATION_COMMENTS = YES;
				CLANG_WARN_EMPTY_BODY = YES;
				CLANG_WARN_ENUM_CONVERSION = YES;
				CLANG_WARN_INFINITE_RECURSION = YES;
				CLANG_WARN_INT_CONVERSION = YES;
				CLANG_WARN_OBJC_ROOT_CLASS = YES_ERROR;
				CLANG_WARN_SUSPICIOUS_MOVE = YES;
				CLANG_WARN_UNREACHABLE_CODE = YES;
				CLANG_WARN__DUPLICATE_METHOD_MATCH = YES;
				"CODE_SIGN_IDENTITY[sdk=iphoneos*]" = "iPhone Developer";
				COPY_PHASE_STRIP = NO;
				DEBUG_INFORMATION_FORMAT = dwarf;
				ENABLE_STRICT_OBJC_MSGSEND = YES;
				ENABLE_TESTABILITY = YES;
				GCC_C_LANGUAGE_STANDARD = gnu99;
				GCC_DYNAMIC_NO_PIC = NO;
				GCC_NO_COMMON_BLOCKS = YES;
				GCC_OPTIMIZATION_LEVEL = 0;
				GCC_PREPROCESSOR_DEFINITIONS = (
					"DEBUG=1",
					"$(inherited)",
				);
				GCC_WARN_64_TO_32_BIT_CONVERSION = YES;
				GCC_WARN_ABOUT_RETURN_TYPE = YES_ERROR;
				GCC_WARN_UNDECLARED_SELECTOR = YES;
				GCC_WARN_UNINITIALIZED_AUTOS = YES_AGGRESSIVE;
				GCC_WARN_UNUSED_FUNCTION = YES;
				GCC_WARN_UNUSED_VARIABLE = YES;
				IPHONEOS_DEPLOYMENT_TARGET = 10.2;
				MTL_ENABLE_DEBUG_INFO = YES;
				ONLY_ACTIVE_ARCH = YES;
				SDKROOT = iphoneos;
				SWIFT_ACTIVE_COMPILATION_CONDITIONS = DEBUG;
				SWIFT_OPTIMIZATION_LEVEL = "-Onone";
				TARGETED_DEVICE_FAMILY = "1,2";
			};
			name = Debug;
		};
		81F911BE1E7A108D0024CB4D /* Release */ = {
			isa = XCBuildConfiguration;
			buildSettings = {
				ALWAYS_SEARCH_USER_PATHS = NO;
				CLANG_ANALYZER_NONNULL = YES;
				CLANG_ANALYZER_NUMBER_OBJECT_CONVERSION = YES_AGGRESSIVE;
				CLANG_CXX_LANGUAGE_STANDARD = "gnu++0x";
				CLANG_CXX_LIBRARY = "libc++";
				CLANG_ENABLE_MODULES = YES;
				CLANG_ENABLE_OBJC_ARC = YES;
				CLANG_WARN_BOOL_CONVERSION = YES;
				CLANG_WARN_CONSTANT_CONVERSION = YES;
				CLANG_WARN_DIRECT_OBJC_ISA_USAGE = YES_ERROR;
				CLANG_WARN_DOCUMENTATION_COMMENTS = YES;
				CLANG_WARN_EMPTY_BODY = YES;
				CLANG_WARN_ENUM_CONVERSION = YES;
				CLANG_WARN_INFINITE_RECURSION = YES;
				CLANG_WARN_INT_CONVERSION = YES;
				CLANG_WARN_OBJC_ROOT_CLASS = YES_ERROR;
				CLANG_WARN_SUSPICIOUS_MOVE = YES;
				CLANG_WARN_UNREACHABLE_CODE = YES;
				CLANG_WARN__DUPLICATE_METHOD_MATCH = YES;
				"CODE_SIGN_IDENTITY[sdk=iphoneos*]" = "iPhone Developer";
				COPY_PHASE_STRIP = NO;
				DEBUG_INFORMATION_FORMAT = "dwarf-with-dsym";
				ENABLE_NS_ASSERTIONS = NO;
				ENABLE_STRICT_OBJC_MSGSEND = YES;
				GCC_C_LANGUAGE_STANDARD = gnu99;
				GCC_NO_COMMON_BLOCKS = YES;
				GCC_WARN_64_TO_32_BIT_CONVERSION = YES;
				GCC_WARN_ABOUT_RETURN_TYPE = YES_ERROR;
				GCC_WARN_UNDECLARED_SELECTOR = YES;
				GCC_WARN_UNINITIALIZED_AUTOS = YES_AGGRESSIVE;
				GCC_WARN_UNUSED_FUNCTION = YES;
				GCC_WARN_UNUSED_VARIABLE = YES;
				IPHONEOS_DEPLOYMENT_TARGET = 10.2;
				MTL_ENABLE_DEBUG_INFO = NO;
				SDKROOT = iphoneos;
				SWIFT_OPTIMIZATION_LEVEL = "-Owholemodule";
				TARGETED_DEVICE_FAMILY = "1,2";
				VALIDATE_PRODUCT = YES;
			};
			name = Release;
		};
		81F911C01E7A108D0024CB4D /* Debug */ = {
			isa = XCBuildConfiguration;
			baseConfigurationReference = 8CF6814CBA8BB8641279A6C6 /* Pods-FirebaseEmailLoginDemo.debug.xcconfig */;
			buildSettings = {
				ASSETCATALOG_COMPILER_APPICON_NAME = AppIcon;
				DEVELOPMENT_TEAM = LK662Y5U4K;
				ENABLE_BITCODE = NO;
				INFOPLIST_FILE = FirebaseEmailLoginDemo/Info.plist;
				LD_RUNPATH_SEARCH_PATHS = "$(inherited) @executable_path/Frameworks";
				PRODUCT_BUNDLE_IDENTIFIER = com.FenixDesignz.FirebaseEmailLoginDemo;
				PRODUCT_NAME = "$(TARGET_NAME)";
				SWIFT_VERSION = 3.0;
			};
			name = Debug;
		};
		81F911C11E7A108D0024CB4D /* Release */ = {
			isa = XCBuildConfiguration;
			baseConfigurationReference = 3D24027B1F30C94B3CB91E76 /* Pods-FirebaseEmailLoginDemo.release.xcconfig */;
			buildSettings = {
				ASSETCATALOG_COMPILER_APPICON_NAME = AppIcon;
				DEVELOPMENT_TEAM = LK662Y5U4K;
				ENABLE_BITCODE = NO;
				INFOPLIST_FILE = FirebaseEmailLoginDemo/Info.plist;
				LD_RUNPATH_SEARCH_PATHS = "$(inherited) @executable_path/Frameworks";
				PRODUCT_BUNDLE_IDENTIFIER = com.FenixDesignz.FirebaseEmailLoginDemo;
				PRODUCT_NAME = "$(TARGET_NAME)";
				SWIFT_VERSION = 3.0;
			};
			name = Release;
		};
		81F911C31E7A108D0024CB4D /* Debug */ = {
			isa = XCBuildConfiguration;
			baseConfigurationReference = 60DC1837D0971D3769DFFB7C /* Pods-FirebaseEmailLoginDemoTests.debug.xcconfig */;
			buildSettings = {
				ALWAYS_EMBED_SWIFT_STANDARD_LIBRARIES = YES;
				BUNDLE_LOADER = "$(TEST_HOST)";
				DEVELOPMENT_TEAM = LK662Y5U4K;
				INFOPLIST_FILE = FirebaseEmailLoginDemoTests/Info.plist;
				LD_RUNPATH_SEARCH_PATHS = "$(inherited) @executable_path/Frameworks @loader_path/Frameworks";
				PRODUCT_BUNDLE_IDENTIFIER = com.FenixDesignz.FirebaseEmailLoginDemoTests;
				PRODUCT_NAME = "$(TARGET_NAME)";
				SWIFT_VERSION = 3.0;
				TEST_HOST = "$(BUILT_PRODUCTS_DIR)/FirebaseEmailLoginDemo.app/FirebaseEmailLoginDemo";
			};
			name = Debug;
		};
		81F911C41E7A108D0024CB4D /* Release */ = {
			isa = XCBuildConfiguration;
			baseConfigurationReference = 58E1B2BA0B44B57AD60B42D6 /* Pods-FirebaseEmailLoginDemoTests.release.xcconfig */;
			buildSettings = {
				ALWAYS_EMBED_SWIFT_STANDARD_LIBRARIES = YES;
				BUNDLE_LOADER = "$(TEST_HOST)";
				DEVELOPMENT_TEAM = LK662Y5U4K;
				INFOPLIST_FILE = FirebaseEmailLoginDemoTests/Info.plist;
				LD_RUNPATH_SEARCH_PATHS = "$(inherited) @executable_path/Frameworks @loader_path/Frameworks";
				PRODUCT_BUNDLE_IDENTIFIER = com.FenixDesignz.FirebaseEmailLoginDemoTests;
				PRODUCT_NAME = "$(TARGET_NAME)";
				SWIFT_VERSION = 3.0;
				TEST_HOST = "$(BUILT_PRODUCTS_DIR)/FirebaseEmailLoginDemo.app/FirebaseEmailLoginDemo";
			};
			name = Release;
		};
		81F911C61E7A108D0024CB4D /* Debug */ = {
			isa = XCBuildConfiguration;
			baseConfigurationReference = 46265AC629E88E780ACACB31 /* Pods-FirebaseEmailLoginDemoUITests.debug.xcconfig */;
			buildSettings = {
				ALWAYS_EMBED_SWIFT_STANDARD_LIBRARIES = YES;
				DEVELOPMENT_TEAM = LK662Y5U4K;
				INFOPLIST_FILE = FirebaseEmailLoginDemoUITests/Info.plist;
				LD_RUNPATH_SEARCH_PATHS = "$(inherited) @executable_path/Frameworks @loader_path/Frameworks";
				PRODUCT_BUNDLE_IDENTIFIER = com.FenixDesignz.FirebaseEmailLoginDemoUITests;
				PRODUCT_NAME = "$(TARGET_NAME)";
				SWIFT_VERSION = 3.0;
				TEST_TARGET_NAME = FirebaseEmailLoginDemo;
			};
			name = Debug;
		};
		81F911C71E7A108D0024CB4D /* Release */ = {
			isa = XCBuildConfiguration;
			baseConfigurationReference = 964F25A4FD6B97C81810D72C /* Pods-FirebaseEmailLoginDemoUITests.release.xcconfig */;
			buildSettings = {
				ALWAYS_EMBED_SWIFT_STANDARD_LIBRARIES = YES;
				DEVELOPMENT_TEAM = LK662Y5U4K;
				INFOPLIST_FILE = FirebaseEmailLoginDemoUITests/Info.plist;
				LD_RUNPATH_SEARCH_PATHS = "$(inherited) @executable_path/Frameworks @loader_path/Frameworks";
				PRODUCT_BUNDLE_IDENTIFIER = com.FenixDesignz.FirebaseEmailLoginDemoUITests;
				PRODUCT_NAME = "$(TARGET_NAME)";
				SWIFT_VERSION = 3.0;
				TEST_TARGET_NAME = FirebaseEmailLoginDemo;
			};
			name = Release;
		};
/* End XCBuildConfiguration section */

/* Begin XCConfigurationList section */
		81F911921E7A108D0024CB4D /* Build configuration list for PBXProject "FirebaseEmailLoginDemo" */ = {
			isa = XCConfigurationList;
			buildConfigurations = (
				81F911BD1E7A108D0024CB4D /* Debug */,
				81F911BE1E7A108D0024CB4D /* Release */,
			);
			defaultConfigurationIsVisible = 0;
			defaultConfigurationName = Release;
		};
		81F911BF1E7A108D0024CB4D /* Build configuration list for PBXNativeTarget "FirebaseEmailLoginDemo" */ = {
			isa = XCConfigurationList;
			buildConfigurations = (
				81F911C01E7A108D0024CB4D /* Debug */,
				81F911C11E7A108D0024CB4D /* Release */,
			);
			defaultConfigurationIsVisible = 0;
			defaultConfigurationName = Release;
		};
		81F911C21E7A108D0024CB4D /* Build configuration list for PBXNativeTarget "FirebaseEmailLoginDemoTests" */ = {
			isa = XCConfigurationList;
			buildConfigurations = (
				81F911C31E7A108D0024CB4D /* Debug */,
				81F911C41E7A108D0024CB4D /* Release */,
			);
			defaultConfigurationIsVisible = 0;
			defaultConfigurationName = Release;
		};
		81F911C51E7A108D0024CB4D /* Build configuration list for PBXNativeTarget "FirebaseEmailLoginDemoUITests" */ = {
			isa = XCConfigurationList;
			buildConfigurations = (
				81F911C61E7A108D0024CB4D /* Debug */,
				81F911C71E7A108D0024CB4D /* Release */,
			);
			defaultConfigurationIsVisible = 0;
			defaultConfigurationName = Release;
		};
/* End XCConfigurationList section */
	};
	rootObject = 81F9118F1E7A108D0024CB4D /* Project object */;
}
